
Microsoft Visual Studio Solution File, Format Version 12.00
# Visual Studio 2017
Project("{FAE04EC0-301F-11D3-BF4B-00C04F79EFBC}") = "FG", "FG.csproj", "{2C2FA575-967C-98F3-239E-23E97622414C}"
EndProject
Global
	GlobalSection(SolutionConfigurationPlatforms) = preSolution
		Debug|Any CPU = Debug|Any CPU
		Release|Any CPU = Release|Any CPU
	EndGlobalSection
	GlobalSection(ProjectConfigurationPlatforms) = postSolution
		{2C2FA575-967C-98F3-239E-23E97622414C}.Debug|Any CPU.ActiveCfg = Debug|Any CPU
		{2C2FA575-967C-98F3-239E-23E97622414C}.Debug|Any CPU.Build.0 = Debug|Any CPU
		{2C2FA575-967C-98F3-239E-23E97622414C}.Release|Any CPU.ActiveCfg = Release|Any CPU
		{2C2FA575-967C-98F3-239E-23E97622414C}.Release|Any CPU.Build.0 = Release|Any CPU
	EndGlobalSection
	GlobalSection(SolutionProperties) = preSolution
		HideSolutionNode = FALSE
	EndGlobalSection
EndGlobal
